
Microsoft Visual Studio Solution File, Format Version 12.00
# Visual Studio Version 17
VisualStudioVersion = 17.5.33502.453
MinimumVisualStudioVersion = 10.0.40219.1
Project("{FAE04EC0-301F-11D3-BF4B-00C04F79EFBC}") = "InternalServiceInController", "InternalServiceInController\InternalServiceInController.csproj", "{D852050A-DD45-4CC2-A631-544CC2D447A4}"
EndProject
Global
	GlobalSection(SolutionConfigurationPlatforms) = preSolution
		Debug|Any CPU = Debug|Any CPU
		Release|Any CPU = Release|Any CPU
	EndGlobalSection
	GlobalSection(ProjectConfigurationPlatforms) = postSolution
		{D852050A-DD45-4CC2-A631-544CC2D447A4}.Debug|Any CPU.ActiveCfg = Debug|Any CPU
		{D852050A-DD45-4CC2-A631-544CC2D447A4}.Debug|Any CPU.Build.0 = Debug|Any CPU
		{D852050A-DD45-4CC2-A631-544CC2D447A4}.Release|Any CPU.ActiveCfg = Release|Any CPU
		{D852050A-DD45-4CC2-A631-544CC2D447A4}.Release|Any CPU.Build.0 = Release|Any CPU
	EndGlobalSection
	GlobalSection(SolutionProperties) = preSolution
		HideSolutionNode = FALSE
	EndGlobalSection
	GlobalSection(ExtensibilityGlobals) = postSolution
		SolutionGuid = {0769A42F-D66B-4198-8467-86798C342340}
	EndGlobalSection
EndGlobal
